
Microsoft Visual Studio Solution File, Format Version 12.00
# Visual Studio 15
VisualStudioVersion = 15.0.26730.16
MinimumVisualStudioVersion = 10.0.40219.1
Project("{FAE04EC0-301F-11D3-BF4B-00C04F79EFBC}") = "ex1 - 9.9.19", "ex1 - 9.9.19\ex1 - 9.9.19.csproj", "{391B0FD8-1931-4DD3-8B77-C2496B8E2905}"
EndProject
Project("{FAE04EC0-301F-11D3-BF4B-00C04F79EFBC}") = "p11", "p11\p11.csproj", "{BD3DE374-C835-4A67-B3C7-14EA9043D1D6}"
EndProject
Project("{FAE04EC0-301F-11D3-BF4B-00C04F79EFBC}") = "p26t1", "p26t1\p26t1.csproj", "{54643824-599F-49B3-A755-D24FC219B3F7}"
EndProject
Project("{FAE04EC0-301F-11D3-BF4B-00C04F79EFBC}") = "p26t2", "p26t2\p26t2.csproj", "{E3B9BCEE-1D76-4761-9A34-8AE8DF0A822C}"
EndProject
Project("{FAE04EC0-301F-11D3-BF4B-00C04F79EFBC}") = "p26t3", "p26t3\p26t3.csproj", "{53E904AA-A0A6-4C5A-AD8F-9093A19F354C}"
EndProject
Project("{FAE04EC0-301F-11D3-BF4B-00C04F79EFBC}") = "p26t4", "p26t4\p26t4.csproj", "{172B4F69-59A4-4660-9AF8-66AB7607B005}"
EndProject
Project("{FAE04EC0-301F-11D3-BF4B-00C04F79EFBC}") = "p26t5", "p26t5\p26t5.csproj", "{C9C6AA44-AFC5-4EA9-8273-FAAA6523AE02}"
EndProject
Project("{FAE04EC0-301F-11D3-BF4B-00C04F79EFBC}") = "p26t6", "p26t6\p26t6.csproj", "{921ADD0B-A01C-41AA-A469-340683B37F74}"
EndProject
Project("{FAE04EC0-301F-11D3-BF4B-00C04F79EFBC}") = "p26t7", "p26t7\p26t7.csproj", "{F38EC32C-EA2B-4EF5-9434-ED87886C3660}"
EndProject
Project("{FAE04EC0-301F-11D3-BF4B-00C04F79EFBC}") = "p26t8", "p26t8\p26t8.csproj", "{BDC8BBD6-BD61-489E-B58D-0D7D027C3EF2}"
EndProject
Project("{FAE04EC0-301F-11D3-BF4B-00C04F79EFBC}") = "p26t9", "p26t9\p26t9.csproj", "{12AF35C6-CCB0-405B-A84D-8A6320B61C8D}"
EndProject
Project("{FAE04EC0-301F-11D3-BF4B-00C04F79EFBC}") = "p26t10", "p26t10\p26t10.csproj", "{A8CA5A3E-400A-4C8F-86CB-4CA3AD9C9492}"
EndProject
Project("{FAE04EC0-301F-11D3-BF4B-00C04F79EFBC}") = "p26t11", "p26t11\p26t11.csproj", "{97791BB8-2B3A-4399-BDE8-09C953EB981C}"
EndProject
Project("{FAE04EC0-301F-11D3-BF4B-00C04F79EFBC}") = "p26t12", "p26t12\p26t12.csproj", "{35F736A2-AB4F-456D-989C-6041D146BE8C}"
EndProject
Project("{FAE04EC0-301F-11D3-BF4B-00C04F79EFBC}") = "p26t13", "p26t13\p26t13.csproj", "{389F7B92-7E13-44CC-B167-874BEB8E147E}"
EndProject
Project("{FAE04EC0-301F-11D3-BF4B-00C04F79EFBC}") = "p27t14", "p27t14\p27t14.csproj", "{D6FAE47A-55E8-44B5-9F01-CCA81B787EDB}"
EndProject
Project("{FAE04EC0-301F-11D3-BF4B-00C04F79EFBC}") = "p27t15", "p27t15\p27t15.csproj", "{A1887634-2512-4865-A148-E598081A7597}"
EndProject
Project("{FAE04EC0-301F-11D3-BF4B-00C04F79EFBC}") = "p27t16", "p27t16\p27t16.csproj", "{680815FC-87AB-40E1-B80B-6BB4A95692D0}"
EndProject
Project("{FAE04EC0-301F-11D3-BF4B-00C04F79EFBC}") = "p27t17", "p27t17\p27t17.csproj", "{AFA152A8-3760-484F-947D-A9B396E918D8}"
EndProject
Project("{FAE04EC0-301F-11D3-BF4B-00C04F79EFBC}") = "p27t18", "p27t18\p27t18.csproj", "{7B2E2928-85FD-44B2-90C8-C3EC41B455E8}"
EndProject
Project("{FAE04EC0-301F-11D3-BF4B-00C04F79EFBC}") = "p27t19", "p27t19\p27t19.csproj", "{8C438FE5-9DAB-4118-B639-6C339F8EA83B}"
EndProject
Global
	GlobalSection(SolutionConfigurationPlatforms) = preSolution
		Debug|Any CPU = Debug|Any CPU
		Debug|x86 = Debug|x86
		Release|Any CPU = Release|Any CPU
		Release|x86 = Release|x86
	EndGlobalSection
	GlobalSection(ProjectConfigurationPlatforms) = postSolution
		{391B0FD8-1931-4DD3-8B77-C2496B8E2905}.Debug|Any CPU.ActiveCfg = Debug|x86
		{391B0FD8-1931-4DD3-8B77-C2496B8E2905}.Debug|x86.ActiveCfg = Debug|x86
		{391B0FD8-1931-4DD3-8B77-C2496B8E2905}.Debug|x86.Build.0 = Debug|x86
		{391B0FD8-1931-4DD3-8B77-C2496B8E2905}.Release|Any CPU.ActiveCfg = Release|x86
		{391B0FD8-1931-4DD3-8B77-C2496B8E2905}.Release|x86.ActiveCfg = Release|x86
		{391B0FD8-1931-4DD3-8B77-C2496B8E2905}.Release|x86.Build.0 = Release|x86
		{BD3DE374-C835-4A67-B3C7-14EA9043D1D6}.Debug|Any CPU.ActiveCfg = Debug|x86
		{BD3DE374-C835-4A67-B3C7-14EA9043D1D6}.Debug|x86.ActiveCfg = Debug|x86
		{BD3DE374-C835-4A67-B3C7-14EA9043D1D6}.Debug|x86.Build.0 = Debug|x86
		{BD3DE374-C835-4A67-B3C7-14EA9043D1D6}.Release|Any CPU.ActiveCfg = Release|x86
		{BD3DE374-C835-4A67-B3C7-14EA9043D1D6}.Release|x86.ActiveCfg = Release|x86
		{BD3DE374-C835-4A67-B3C7-14EA9043D1D6}.Release|x86.Build.0 = Release|x86
		{54643824-599F-49B3-A755-D24FC219B3F7}.Debug|Any CPU.ActiveCfg = Debug|x86
		{54643824-599F-49B3-A755-D24FC219B3F7}.Debug|x86.ActiveCfg = Debug|x86
		{54643824-599F-49B3-A755-D24FC219B3F7}.Debug|x86.Build.0 = Debug|x86
		{54643824-599F-49B3-A755-D24FC219B3F7}.Release|Any CPU.ActiveCfg = Release|x86
		{54643824-599F-49B3-A755-D24FC219B3F7}.Release|x86.ActiveCfg = Release|x86
		{54643824-599F-49B3-A755-D24FC219B3F7}.Release|x86.Build.0 = Release|x86
		{E3B9BCEE-1D76-4761-9A34-8AE8DF0A822C}.Debug|Any CPU.ActiveCfg = Debug|x86
		{E3B9BCEE-1D76-4761-9A34-8AE8DF0A822C}.Debug|x86.ActiveCfg = Debug|x86
		{E3B9BCEE-1D76-4761-9A34-8AE8DF0A822C}.Debug|x86.Build.0 = Debug|x86
		{E3B9BCEE-1D76-4761-9A34-8AE8DF0A822C}.Release|Any CPU.ActiveCfg = Release|x86
		{E3B9BCEE-1D76-4761-9A34-8AE8DF0A822C}.Release|x86.ActiveCfg = Release|x86
		{E3B9BCEE-1D76-4761-9A34-8AE8DF0A822C}.Release|x86.Build.0 = Release|x86
		{53E904AA-A0A6-4C5A-AD8F-9093A19F354C}.Debug|Any CPU.ActiveCfg = Debug|x86
		{53E904AA-A0A6-4C5A-AD8F-9093A19F354C}.Debug|x86.ActiveCfg = Debug|x86
		{53E904AA-A0A6-4C5A-AD8F-9093A19F354C}.Debug|x86.Build.0 = Debug|x86
		{53E904AA-A0A6-4C5A-AD8F-9093A19F354C}.Release|Any CPU.ActiveCfg = Release|x86
		{53E904AA-A0A6-4C5A-AD8F-9093A19F354C}.Release|x86.ActiveCfg = Release|x86
		{53E904AA-A0A6-4C5A-AD8F-9093A19F354C}.Release|x86.Build.0 = Release|x86
		{172B4F69-59A4-4660-9AF8-66AB7607B005}.Debug|Any CPU.ActiveCfg = Debug|Any CPU
		{172B4F69-59A4-4660-9AF8-66AB7607B005}.Debug|Any CPU.Build.0 = Debug|Any CPU
		{172B4F69-59A4-4660-9AF8-66AB7607B005}.Debug|x86.ActiveCfg = Debug|Any CPU
		{172B4F69-59A4-4660-9AF8-66AB7607B005}.Debug|x86.Build.0 = Debug|Any CPU
		{172B4F69-59A4-4660-9AF8-66AB7607B005}.Release|Any CPU.ActiveCfg = Release|Any CPU
		{172B4F69-59A4-4660-9AF8-66AB7607B005}.Release|Any CPU.Build.0 = Release|Any CPU
		{172B4F69-59A4-4660-9AF8-66AB7607B005}.Release|x86.ActiveCfg = Release|Any CPU
		{172B4F69-59A4-4660-9AF8-66AB7607B005}.Release|x86.Build.0 = Release|Any CPU
		{C9C6AA44-AFC5-4EA9-8273-FAAA6523AE02}.Debug|Any CPU.ActiveCfg = Debug|Any CPU
		{C9C6AA44-AFC5-4EA9-8273-FAAA6523AE02}.Debug|Any CPU.Build.0 = Debug|Any CPU
		{C9C6AA44-AFC5-4EA9-8273-FAAA6523AE02}.Debug|x86.ActiveCfg = Debug|Any CPU
		{C9C6AA44-AFC5-4EA9-8273-FAAA6523AE02}.Debug|x86.Build.0 = Debug|Any CPU
		{C9C6AA44-AFC5-4EA9-8273-FAAA6523AE02}.Release|Any CPU.ActiveCfg = Release|Any CPU
		{C9C6AA44-AFC5-4EA9-8273-FAAA6523AE02}.Release|Any CPU.Build.0 = Release|Any CPU
		{C9C6AA44-AFC5-4EA9-8273-FAAA6523AE02}.Release|x86.ActiveCfg = Release|Any CPU
		{C9C6AA44-AFC5-4EA9-8273-FAAA6523AE02}.Release|x86.Build.0 = Release|Any CPU
		{921ADD0B-A01C-41AA-A469-340683B37F74}.Debug|Any CPU.ActiveCfg = Debug|Any CPU
		{921ADD0B-A01C-41AA-A469-340683B37F74}.Debug|Any CPU.Build.0 = Debug|Any CPU
		{921ADD0B-A01C-41AA-A469-340683B37F74}.Debug|x86.ActiveCfg = Debug|Any CPU
		{921ADD0B-A01C-41AA-A469-340683B37F74}.Debug|x86.Build.0 = Debug|Any CPU
		{921ADD0B-A01C-41AA-A469-340683B37F74}.Release|Any CPU.ActiveCfg = Release|Any CPU
		{921ADD0B-A01C-41AA-A469-340683B37F74}.Release|Any CPU.Build.0 = Release|Any CPU
		{921ADD0B-A01C-41AA-A469-340683B37F74}.Release|x86.ActiveCfg = Release|Any CPU
		{921ADD0B-A01C-41AA-A469-340683B37F74}.Release|x86.Build.0 = Release|Any CPU
		{F38EC32C-EA2B-4EF5-9434-ED87886C3660}.Debug|Any CPU.ActiveCfg = Debug|Any CPU
		{F38EC32C-EA2B-4EF5-9434-ED87886C3660}.Debug|Any CPU.Build.0 = Debug|Any CPU
		{F38EC32C-EA2B-4EF5-9434-ED87886C3660}.Debug|x86.ActiveCfg = Debug|Any CPU
		{F38EC32C-EA2B-4EF5-9434-ED87886C3660}.Debug|x86.Build.0 = Debug|Any CPU
		{F38EC32C-EA2B-4EF5-9434-ED87886C3660}.Release|Any CPU.ActiveCfg = Release|Any CPU
		{F38EC32C-EA2B-4EF5-9434-ED87886C3660}.Release|Any CPU.Build.0 = Release|Any CPU
		{F38EC32C-EA2B-4EF5-9434-ED87886C3660}.Release|x86.ActiveCfg = Release|Any CPU
		{F38EC32C-EA2B-4EF5-9434-ED87886C3660}.Release|x86.Build.0 = Release|Any CPU
		{BDC8BBD6-BD61-489E-B58D-0D7D027C3EF2}.Debug|Any CPU.ActiveCfg = Debug|Any CPU
		{BDC8BBD6-BD61-489E-B58D-0D7D027C3EF2}.Debug|Any CPU.Build.0 = Debug|Any CPU
		{BDC8BBD6-BD61-489E-B58D-0D7D027C3EF2}.Debug|x86.ActiveCfg = Debug|Any CPU
		{BDC8BBD6-BD61-489E-B58D-0D7D027C3EF2}.Debug|x86.Build.0 = Debug|Any CPU
		{BDC8BBD6-BD61-489E-B58D-0D7D027C3EF2}.Release|Any CPU.ActiveCfg = Release|Any CPU
		{BDC8BBD6-BD61-489E-B58D-0D7D027C3EF2}.Release|Any CPU.Build.0 = Release|Any CPU
		{BDC8BBD6-BD61-489E-B58D-0D7D027C3EF2}.Release|x86.ActiveCfg = Release|Any CPU
		{BDC8BBD6-BD61-489E-B58D-0D7D027C3EF2}.Release|x86.Build.0 = Release|Any CPU
		{12AF35C6-CCB0-405B-A84D-8A6320B61C8D}.Debug|Any CPU.ActiveCfg = Debug|Any CPU
		{12AF35C6-CCB0-405B-A84D-8A6320B61C8D}.Debug|Any CPU.Build.0 = Debug|Any CPU
		{12AF35C6-CCB0-405B-A84D-8A6320B61C8D}.Debug|x86.ActiveCfg = Debug|Any CPU
		{12AF35C6-CCB0-405B-A84D-8A6320B61C8D}.Debug|x86.Build.0 = Debug|Any CPU
		{12AF35C6-CCB0-405B-A84D-8A6320B61C8D}.Release|Any CPU.ActiveCfg = Release|Any CPU
		{12AF35C6-CCB0-405B-A84D-8A6320B61C8D}.Release|Any CPU.Build.0 = Release|Any CPU
		{12AF35C6-CCB0-405B-A84D-8A6320B61C8D}.Release|x86.ActiveCfg = Release|Any CPU
		{12AF35C6-CCB0-405B-A84D-8A6320B61C8D}.Release|x86.Build.0 = Release|Any CPU
		{A8CA5A3E-400A-4C8F-86CB-4CA3AD9C9492}.Debug|Any CPU.ActiveCfg = Debug|Any CPU
		{A8CA5A3E-400A-4C8F-86CB-4CA3AD9C9492}.Debug|Any CPU.Build.0 = Debug|Any CPU
		{A8CA5A3E-400A-4C8F-86CB-4CA3AD9C9492}.Debug|x86.ActiveCfg = Debug|Any CPU
		{A8CA5A3E-400A-4C8F-86CB-4CA3AD9C9492}.Debug|x86.Build.0 = Debug|Any CPU
		{A8CA5A3E-400A-4C8F-86CB-4CA3AD9C9492}.Release|Any CPU.ActiveCfg = Release|Any CPU
		{A8CA5A3E-400A-4C8F-86CB-4CA3AD9C9492}.Release|Any CPU.Build.0 = Release|Any CPU
		{A8CA5A3E-400A-4C8F-86CB-4CA3AD9C9492}.Release|x86.ActiveCfg = Release|Any CPU
		{A8CA5A3E-400A-4C8F-86CB-4CA3AD9C9492}.Release|x86.Build.0 = Release|Any CPU
		{97791BB8-2B3A-4399-BDE8-09C953EB981C}.Debug|Any CPU.ActiveCfg = Debug|Any CPU
		{97791BB8-2B3A-4399-BDE8-09C953EB981C}.Debug|Any CPU.Build.0 = Debug|Any CPU
		{97791BB8-2B3A-4399-BDE8-09C953EB981C}.Debug|x86.ActiveCfg = Debug|Any CPU
		{97791BB8-2B3A-4399-BDE8-09C953EB981C}.Debug|x86.Build.0 = Debug|Any CPU
		{97791BB8-2B3A-4399-BDE8-09C953EB981C}.Release|Any CPU.ActiveCfg = Release|Any CPU
		{97791BB8-2B3A-4399-BDE8-09C953EB981C}.Release|Any CPU.Build.0 = Release|Any CPU
		{97791BB8-2B3A-4399-BDE8-09C953EB981C}.Release|x86.ActiveCfg = Release|Any CPU
		{97791BB8-2B3A-4399-BDE8-09C953EB981C}.Release|x86.Build.0 = Release|Any CPU
		{35F736A2-AB4F-456D-989C-6041D146BE8C}.Debug|Any CPU.ActiveCfg = Debug|Any CPU
		{35F736A2-AB4F-456D-989C-6041D146BE8C}.Debug|Any CPU.Build.0 = Debug|Any CPU
		{35F736A2-AB4F-456D-989C-6041D146BE8C}.Debug|x86.ActiveCfg = Debug|Any CPU
		{35F736A2-AB4F-456D-989C-6041D146BE8C}.Debug|x86.Build.0 = Debug|Any CPU
		{35F736A2-AB4F-456D-989C-6041D146BE8C}.Release|Any CPU.ActiveCfg = Release|Any CPU
		{35F736A2-AB4F-456D-989C-6041D146BE8C}.Release|Any CPU.Build.0 = Release|Any CPU
		{35F736A2-AB4F-456D-989C-6041D146BE8C}.Release|x86.ActiveCfg = Release|Any CPU
		{35F736A2-AB4F-456D-989C-6041D146BE8C}.Release|x86.Build.0 = Release|Any CPU
		{389F7B92-7E13-44CC-B167-874BEB8E147E}.Debug|Any CPU.ActiveCfg = Debug|Any CPU
		{389F7B92-7E13-44CC-B167-874BEB8E147E}.Debug|Any CPU.Build.0 = Debug|Any CPU
		{389F7B92-7E13-44CC-B167-874BEB8E147E}.Debug|x86.ActiveCfg = Debug|Any CPU
		{389F7B92-7E13-44CC-B167-874BEB8E147E}.Debug|x86.Build.0 = Debug|Any CPU
		{389F7B92-7E13-44CC-B167-874BEB8E147E}.Release|Any CPU.ActiveCfg = Release|Any CPU
		{389F7B92-7E13-44CC-B167-874BEB8E147E}.Release|Any CPU.Build.0 = Release|Any CPU
		{389F7B92-7E13-44CC-B167-874BEB8E147E}.Release|x86.ActiveCfg = Release|Any CPU
		{389F7B92-7E13-44CC-B167-874BEB8E147E}.Release|x86.Build.0 = Release|Any CPU
		{D6FAE47A-55E8-44B5-9F01-CCA81B787EDB}.Debug|Any CPU.ActiveCfg = Debug|Any CPU
		{D6FAE47A-55E8-44B5-9F01-CCA81B787EDB}.Debug|Any CPU.Build.0 = Debug|Any CPU
		{D6FAE47A-55E8-44B5-9F01-CCA81B787EDB}.Debug|x86.ActiveCfg = Debug|Any CPU
		{D6FAE47A-55E8-44B5-9F01-CCA81B787EDB}.Debug|x86.Build.0 = Debug|Any CPU
		{D6FAE47A-55E8-44B5-9F01-CCA81B787EDB}.Release|Any CPU.ActiveCfg = Release|Any CPU
		{D6FAE47A-55E8-44B5-9F01-CCA81B787EDB}.Release|Any CPU.Build.0 = Release|Any CPU
		{D6FAE47A-55E8-44B5-9F01-CCA81B787EDB}.Release|x86.ActiveCfg = Release|Any CPU
		{D6FAE47A-55E8-44B5-9F01-CCA81B787EDB}.Release|x86.Build.0 = Release|Any CPU
		{A1887634-2512-4865-A148-E598081A7597}.Debug|Any CPU.ActiveCfg = Debug|Any CPU
		{A1887634-2512-4865-A148-E598081A7597}.Debug|Any CPU.Build.0 = Debug|Any CPU
		{A1887634-2512-4865-A148-E598081A7597}.Debug|x86.ActiveCfg = Debug|Any CPU
		{A1887634-2512-4865-A148-E598081A7597}.Debug|x86.Build.0 = Debug|Any CPU
		{A1887634-2512-4865-A148-E598081A7597}.Release|Any CPU.ActiveCfg = Release|Any CPU
		{A1887634-2512-4865-A148-E598081A7597}.Release|Any CPU.Build.0 = Release|Any CPU
		{A1887634-2512-4865-A148-E598081A7597}.Release|x86.ActiveCfg = Release|Any CPU
		{A1887634-2512-4865-A148-E598081A7597}.Release|x86.Build.0 = Release|Any CPU
		{680815FC-87AB-40E1-B80B-6BB4A95692D0}.Debug|Any CPU.ActiveCfg = Debug|Any CPU
		{680815FC-87AB-40E1-B80B-6BB4A95692D0}.Debug|Any CPU.Build.0 = Debug|Any CPU
		{680815FC-87AB-40E1-B80B-6BB4A95692D0}.Debug|x86.ActiveCfg = Debug|Any CPU
		{680815FC-87AB-40E1-B80B-6BB4A95692D0}.Debug|x86.Build.0 = Debug|Any CPU
		{680815FC-87AB-40E1-B80B-6BB4A95692D0}.Release|Any CPU.ActiveCfg = Release|Any CPU
		{680815FC-87AB-40E1-B80B-6BB4A95692D0}.Release|Any CPU.Build.0 = Release|Any CPU
		{680815FC-87AB-40E1-B80B-6BB4A95692D0}.Release|x86.ActiveCfg = Release|Any CPU
		{680815FC-87AB-40E1-B80B-6BB4A95692D0}.Release|x86.Build.0 = Release|Any CPU
		{AFA152A8-3760-484F-947D-A9B396E918D8}.Debug|Any CPU.ActiveCfg = Debug|Any CPU
		{AFA152A8-3760-484F-947D-A9B396E918D8}.Debug|Any CPU.Build.0 = Debug|Any CPU
		{AFA152A8-3760-484F-947D-A9B396E918D8}.Debug|x86.ActiveCfg = Debug|Any CPU
		{AFA152A8-3760-484F-947D-A9B396E918D8}.Debug|x86.Build.0 = Debug|Any CPU
		{AFA152A8-3760-484F-947D-A9B396E918D8}.Release|Any CPU.ActiveCfg = Release|Any CPU
		{AFA152A8-3760-484F-947D-A9B396E918D8}.Release|Any CPU.Build.0 = Release|Any CPU
		{AFA152A8-3760-484F-947D-A9B396E918D8}.Release|x86.ActiveCfg = Release|Any CPU
		{AFA152A8-3760-484F-947D-A9B396E918D8}.Release|x86.Build.0 = Release|Any CPU
		{7B2E2928-85FD-44B2-90C8-C3EC41B455E8}.Debug|Any CPU.ActiveCfg = Debug|Any CPU
		{7B2E2928-85FD-44B2-90C8-C3EC41B455E8}.Debug|Any CPU.Build.0 = Debug|Any CPU
		{7B2E2928-85FD-44B2-90C8-C3EC41B455E8}.Debug|x86.ActiveCfg = Debug|Any CPU
		{7B2E2928-85FD-44B2-90C8-C3EC41B455E8}.Debug|x86.Build.0 = Debug|Any CPU
		{7B2E2928-85FD-44B2-90C8-C3EC41B455E8}.Release|Any CPU.ActiveCfg = Release|Any CPU
		{7B2E2928-85FD-44B2-90C8-C3EC41B455E8}.Release|Any CPU.Build.0 = Release|Any CPU
		{7B2E2928-85FD-44B2-90C8-C3EC41B455E8}.Release|x86.ActiveCfg = Release|Any CPU
		{7B2E2928-85FD-44B2-90C8-C3EC41B455E8}.Release|x86.Build.0 = Release|Any CPU
		{8C438FE5-9DAB-4118-B639-6C339F8EA83B}.Debug|Any CPU.ActiveCfg = Debug|Any CPU
		{8C438FE5-9DAB-4118-B639-6C339F8EA83B}.Debug|Any CPU.Build.0 = Debug|Any CPU
		{8C438FE5-9DAB-4118-B639-6C339F8EA83B}.Debug|x86.ActiveCfg = Debug|Any CPU
		{8C438FE5-9DAB-4118-B639-6C339F8EA83B}.Debug|x86.Build.0 = Debug|Any CPU
		{8C438FE5-9DAB-4118-B639-6C339F8EA83B}.Release|Any CPU.ActiveCfg = Release|Any CPU
		{8C438FE5-9DAB-4118-B639-6C339F8EA83B}.Release|Any CPU.Build.0 = Release|Any CPU
		{8C438FE5-9DAB-4118-B639-6C339F8EA83B}.Release|x86.ActiveCfg = Release|Any CPU
		{8C438FE5-9DAB-4118-B639-6C339F8EA83B}.Release|x86.Build.0 = Release|Any CPU
	EndGlobalSection
	GlobalSection(SolutionProperties) = preSolution
		HideSolutionNode = FALSE
	EndGlobalSection
	GlobalSection(ExtensibilityGlobals) = postSolution
		SolutionGuid = {BD79F30C-D6C8-44BE-BDD5-630F1B599774}
	EndGlobalSection
EndGlobal
